
Microsoft Visual Studio Solution File, Format Version 12.00
# Visual Studio Version 17
VisualStudioVersion = 17.7.34003.232
MinimumVisualStudioVersion = 10.0.40219.1
Project("{9A19103F-16F7-4668-BE54-9A1E7A4F7556}") = "Pioninka", "Pioninka.csproj", "{57EE3BD1-01AC-47EC-95CE-F0CF3206B3D6}"
EndProject
Project("{9A19103F-16F7-4668-BE54-9A1E7A4F7556}") = "ConsoleApp2", "..\ConsoleApp2\ConsoleApp2.csproj", "{417D44EC-0B00-4D0A-82A3-B4E12AD64719}"
EndProject
Global
	GlobalSection(SolutionConfigurationPlatforms) = preSolution
		Debug|Any CPU = Debug|Any CPU
		Release|Any CPU = Release|Any CPU
	EndGlobalSection
	GlobalSection(ProjectConfigurationPlatforms) = postSolution
		{57EE3BD1-01AC-47EC-95CE-F0CF3206B3D6}.Debug|Any CPU.ActiveCfg = Debug|Any CPU
		{57EE3BD1-01AC-47EC-95CE-F0CF3206B3D6}.Debug|Any CPU.Build.0 = Debug|Any CPU
		{57EE3BD1-01AC-47EC-95CE-F0CF3206B3D6}.Release|Any CPU.ActiveCfg = Release|Any CPU
		{57EE3BD1-01AC-47EC-95CE-F0CF3206B3D6}.Release|Any CPU.Build.0 = Release|Any CPU
		{417D44EC-0B00-4D0A-82A3-B4E12AD64719}.Debug|Any CPU.ActiveCfg = Debug|Any CPU
		{417D44EC-0B00-4D0A-82A3-B4E12AD64719}.Debug|Any CPU.Build.0 = Debug|Any CPU
		{417D44EC-0B00-4D0A-82A3-B4E12AD64719}.Release|Any CPU.ActiveCfg = Release|Any CPU
		{417D44EC-0B00-4D0A-82A3-B4E12AD64719}.Release|Any CPU.Build.0 = Release|Any CPU
	EndGlobalSection
	GlobalSection(SolutionProperties) = preSolution
		HideSolutionNode = FALSE
	EndGlobalSection
	GlobalSection(ExtensibilityGlobals) = postSolution
		SolutionGuid = {D10732C2-948A-4F42-95BA-4B7A42CBB093}
	EndGlobalSection
EndGlobal
